{
  "object": {
    "pins": [
      {
        "package": "DGCharts",
        "repositoryURL": "https://github.com/danielgindi/Charts",
        "state": {
          "branch": null,
          "revision": "dd9c72e3d7e751e769971092a6bd72d39198ae63",
          "version": "5.1.0"
        }
      }
    ]
  },
  "version": 1
}
